
Microsoft Visual Studio Solution File, Format Version 12.00
# Visual Studio Version 17
VisualStudioVersion = 17.6.33829.357
MinimumVisualStudioVersion = 10.0.40219.1
Project("{9A19103F-16F7-4668-BE54-9A1E7A4F7556}") = "SampleLibrary", "SampleLibrary\SampleLibrary.csproj", "{2E4B6BB6-C4E1-463C-8961-03A0F2F4C195}"
EndProject
Project("{9A19103F-16F7-4668-BE54-9A1E7A4F7556}") = "CodeBinder.Redist", "..\CodeBinder.Redist\CodeBinder.Redist.csproj", "{0BE5D190-1E54-4E7B-BD53-51F607EE72F8}"
EndProject
Global
	GlobalSection(SolutionConfigurationPlatforms) = preSolution
		Debug|Any CPU = Debug|Any CPU
		Release|Any CPU = Release|Any CPU
	EndGlobalSection
	GlobalSection(ProjectConfigurationPlatforms) = postSolution
		{2E4B6BB6-C4E1-463C-8961-03A0F2F4C195}.Debug|Any CPU.ActiveCfg = Debug|Any CPU
		{2E4B6BB6-C4E1-463C-8961-03A0F2F4C195}.Debug|Any CPU.Build.0 = Debug|Any CPU
		{2E4B6BB6-C4E1-463C-8961-03A0F2F4C195}.Release|Any CPU.ActiveCfg = Release|Any CPU
		{2E4B6BB6-C4E1-463C-8961-03A0F2F4C195}.Release|Any CPU.Build.0 = Release|Any CPU
		{0BE5D190-1E54-4E7B-BD53-51F607EE72F8}.Debug|Any CPU.ActiveCfg = Debug|Any CPU
		{0BE5D190-1E54-4E7B-BD53-51F607EE72F8}.Debug|Any CPU.Build.0 = Debug|Any CPU
		{0BE5D190-1E54-4E7B-BD53-51F607EE72F8}.Release|Any CPU.ActiveCfg = Release|Any CPU
		{0BE5D190-1E54-4E7B-BD53-51F607EE72F8}.Release|Any CPU.Build.0 = Release|Any CPU
	EndGlobalSection
	GlobalSection(SolutionProperties) = preSolution
		HideSolutionNode = FALSE
	EndGlobalSection
	GlobalSection(ExtensibilityGlobals) = postSolution
		SolutionGuid = {F20BF191-5BC5-4E8D-BEAD-5B790F27B69D}
	EndGlobalSection
EndGlobal
